
Microsoft Visual Studio Solution File, Format Version 12.00
# Visual Studio Version 17
VisualStudioVersion = 17.0.31903.59
MinimumVisualStudioVersion = 10.0.40219.1
Project("{2150E333-8FDC-42A3-9474-1A3956D46DE8}") = "src", "src", "{827E0CD3-B72D-47B6-A68D-7590B98EB39B}"
EndProject
Project("{FAE04EC0-301F-11D3-BF4B-00C04F79EFBC}") = "ChatApp.Api", "src\ChatApp.Api\ChatApp.Api.csproj", "{0F549A80-B576-4C1F-B06D-62BDA8C33899}"
EndProject
Project("{FAE04EC0-301F-11D3-BF4B-00C04F79EFBC}") = "ChatApp.Application", "src\ChatApp.Application\ChatApp.Application.csproj", "{C9BE6741-436B-4179-9514-39F50BC96065}"
EndProject
Project("{FAE04EC0-301F-11D3-BF4B-00C04F79EFBC}") = "ChatApp.Domain", "src\ChatApp.Domain\ChatApp.Domain.csproj", "{B8616A66-AA11-407D-814D-FE338EBE1FB8}"
EndProject
Project("{FAE04EC0-301F-11D3-BF4B-00C04F79EFBC}") = "ChatApp.Infrastructure", "src\ChatApp.Infrastructure\ChatApp.Infrastructure.csproj", "{CA89C538-72E1-4D8E-B250-FAE66AD296EC}"
EndProject
Project("{FAE04EC0-301F-11D3-BF4B-00C04F79EFBC}") = "ChatApp.RealTime", "src\ChatApp.RealTime\ChatApp.RealTime.csproj", "{70EF2A9C-E7A0-46C9-B068-C13DC550CFEE}"
EndProject
Project("{2150E333-8FDC-42A3-9474-1A3956D46DE8}") = "tools", "tools", "{07C2787E-EAC7-C090-1BA3-A61EC2A24D84}"
EndProject
Project("{FAE04EC0-301F-11D3-BF4B-00C04F79EFBC}") = "ChatApp.SignalRTester", "tools\ChatApp.SignalRTester\ChatApp.SignalRTester.csproj", "{C126B286-9C19-4EF9-AB0B-56D8FCF6662E}"
EndProject
Global
	GlobalSection(SolutionConfigurationPlatforms) = preSolution
		Debug|Any CPU = Debug|Any CPU
		Debug|x64 = Debug|x64
		Debug|x86 = Debug|x86
		Release|Any CPU = Release|Any CPU
		Release|x64 = Release|x64
		Release|x86 = Release|x86
	EndGlobalSection
	GlobalSection(ProjectConfigurationPlatforms) = postSolution
		{0F549A80-B576-4C1F-B06D-62BDA8C33899}.Debug|Any CPU.ActiveCfg = Debug|Any CPU
		{0F549A80-B576-4C1F-B06D-62BDA8C33899}.Debug|Any CPU.Build.0 = Debug|Any CPU
		{0F549A80-B576-4C1F-B06D-62BDA8C33899}.Debug|x64.ActiveCfg = Debug|Any CPU
		{0F549A80-B576-4C1F-B06D-62BDA8C33899}.Debug|x64.Build.0 = Debug|Any CPU
		{0F549A80-B576-4C1F-B06D-62BDA8C33899}.Debug|x86.ActiveCfg = Debug|Any CPU
		{0F549A80-B576-4C1F-B06D-62BDA8C33899}.Debug|x86.Build.0 = Debug|Any CPU
		{0F549A80-B576-4C1F-B06D-62BDA8C33899}.Release|Any CPU.ActiveCfg = Release|Any CPU
		{0F549A80-B576-4C1F-B06D-62BDA8C33899}.Release|Any CPU.Build.0 = Release|Any CPU
		{0F549A80-B576-4C1F-B06D-62BDA8C33899}.Release|x64.ActiveCfg = Release|Any CPU
		{0F549A80-B576-4C1F-B06D-62BDA8C33899}.Release|x64.Build.0 = Release|Any CPU
		{0F549A80-B576-4C1F-B06D-62BDA8C33899}.Release|x86.ActiveCfg = Release|Any CPU
		{0F549A80-B576-4C1F-B06D-62BDA8C33899}.Release|x86.Build.0 = Release|Any CPU
		{C9BE6741-436B-4179-9514-39F50BC96065}.Debug|Any CPU.ActiveCfg = Debug|Any CPU
		{C9BE6741-436B-4179-9514-39F50BC96065}.Debug|Any CPU.Build.0 = Debug|Any CPU
		{C9BE6741-436B-4179-9514-39F50BC96065}.Debug|x64.ActiveCfg = Debug|Any CPU
		{C9BE6741-436B-4179-9514-39F50BC96065}.Debug|x64.Build.0 = Debug|Any CPU
		{C9BE6741-436B-4179-9514-39F50BC96065}.Debug|x86.ActiveCfg = Debug|Any CPU
		{C9BE6741-436B-4179-9514-39F50BC96065}.Debug|x86.Build.0 = Debug|Any CPU
		{C9BE6741-436B-4179-9514-39F50BC96065}.Release|Any CPU.ActiveCfg = Release|Any CPU
		{C9BE6741-436B-4179-9514-39F50BC96065}.Release|Any CPU.Build.0 = Release|Any CPU
		{C9BE6741-436B-4179-9514-39F50BC96065}.Release|x64.ActiveCfg = Release|Any CPU
		{C9BE6741-436B-4179-9514-39F50BC96065}.Release|x64.Build.0 = Release|Any CPU
		{C9BE6741-436B-4179-9514-39F50BC96065}.Release|x86.ActiveCfg = Release|Any CPU
		{C9BE6741-436B-4179-9514-39F50BC96065}.Release|x86.Build.0 = Release|Any CPU
		{B8616A66-AA11-407D-814D-FE338EBE1FB8}.Debug|Any CPU.ActiveCfg = Debug|Any CPU
		{B8616A66-AA11-407D-814D-FE338EBE1FB8}.Debug|Any CPU.Build.0 = Debug|Any CPU
		{B8616A66-AA11-407D-814D-FE338EBE1FB8}.Debug|x64.ActiveCfg = Debug|Any CPU
		{B8616A66-AA11-407D-814D-FE338EBE1FB8}.Debug|x64.Build.0 = Debug|Any CPU
		{B8616A66-AA11-407D-814D-FE338EBE1FB8}.Debug|x86.ActiveCfg = Debug|Any CPU
		{B8616A66-AA11-407D-814D-FE338EBE1FB8}.Debug|x86.Build.0 = Debug|Any CPU
		{B8616A66-AA11-407D-814D-FE338EBE1FB8}.Release|Any CPU.ActiveCfg = Release|Any CPU
		{B8616A66-AA11-407D-814D-FE338EBE1FB8}.Release|Any CPU.Build.0 = Release|Any CPU
		{B8616A66-AA11-407D-814D-FE338EBE1FB8}.Release|x64.ActiveCfg = Release|Any CPU
		{B8616A66-AA11-407D-814D-FE338EBE1FB8}.Release|x64.Build.0 = Release|Any CPU
		{B8616A66-AA11-407D-814D-FE338EBE1FB8}.Release|x86.ActiveCfg = Release|Any CPU
		{B8616A66-AA11-407D-814D-FE338EBE1FB8}.Release|x86.Build.0 = Release|Any CPU
		{CA89C538-72E1-4D8E-B250-FAE66AD296EC}.Debug|Any CPU.ActiveCfg = Debug|Any CPU
		{CA89C538-72E1-4D8E-B250-FAE66AD296EC}.Debug|Any CPU.Build.0 = Debug|Any CPU
		{CA89C538-72E1-4D8E-B250-FAE66AD296EC}.Debug|x64.ActiveCfg = Debug|Any CPU
		{CA89C538-72E1-4D8E-B250-FAE66AD296EC}.Debug|x64.Build.0 = Debug|Any CPU
		{CA89C538-72E1-4D8E-B250-FAE66AD296EC}.Debug|x86.ActiveCfg = Debug|Any CPU
		{CA89C538-72E1-4D8E-B250-FAE66AD296EC}.Debug|x86.Build.0 = Debug|Any CPU
		{CA89C538-72E1-4D8E-B250-FAE66AD296EC}.Release|Any CPU.ActiveCfg = Release|Any CPU
		{CA89C538-72E1-4D8E-B250-FAE66AD296EC}.Release|Any CPU.Build.0 = Release|Any CPU
		{CA89C538-72E1-4D8E-B250-FAE66AD296EC}.Release|x64.ActiveCfg = Release|Any CPU
		{CA89C538-72E1-4D8E-B250-FAE66AD296EC}.Release|x64.Build.0 = Release|Any CPU
		{CA89C538-72E1-4D8E-B250-FAE66AD296EC}.Release|x86.ActiveCfg = Release|Any CPU
		{CA89C538-72E1-4D8E-B250-FAE66AD296EC}.Release|x86.Build.0 = Release|Any CPU
		{70EF2A9C-E7A0-46C9-B068-C13DC550CFEE}.Debug|Any CPU.ActiveCfg = Debug|Any CPU
		{70EF2A9C-E7A0-46C9-B068-C13DC550CFEE}.Debug|Any CPU.Build.0 = Debug|Any CPU
		{70EF2A9C-E7A0-46C9-B068-C13DC550CFEE}.Debug|x64.ActiveCfg = Debug|Any CPU
		{70EF2A9C-E7A0-46C9-B068-C13DC550CFEE}.Debug|x64.Build.0 = Debug|Any CPU
		{70EF2A9C-E7A0-46C9-B068-C13DC550CFEE}.Debug|x86.ActiveCfg = Debug|Any CPU
		{70EF2A9C-E7A0-46C9-B068-C13DC550CFEE}.Debug|x86.Build.0 = Debug|Any CPU
		{70EF2A9C-E7A0-46C9-B068-C13DC550CFEE}.Release|Any CPU.ActiveCfg = Release|Any CPU
		{70EF2A9C-E7A0-46C9-B068-C13DC550CFEE}.Release|Any CPU.Build.0 = Release|Any CPU
		{70EF2A9C-E7A0-46C9-B068-C13DC550CFEE}.Release|x64.ActiveCfg = Release|Any CPU
		{70EF2A9C-E7A0-46C9-B068-C13DC550CFEE}.Release|x64.Build.0 = Release|Any CPU
		{70EF2A9C-E7A0-46C9-B068-C13DC550CFEE}.Release|x86.ActiveCfg = Release|Any CPU
		{70EF2A9C-E7A0-46C9-B068-C13DC550CFEE}.Release|x86.Build.0 = Release|Any CPU
		{C126B286-9C19-4EF9-AB0B-56D8FCF6662E}.Debug|Any CPU.ActiveCfg = Debug|Any CPU
		{C126B286-9C19-4EF9-AB0B-56D8FCF6662E}.Debug|Any CPU.Build.0 = Debug|Any CPU
		{C126B286-9C19-4EF9-AB0B-56D8FCF6662E}.Debug|x64.ActiveCfg = Debug|Any CPU
		{C126B286-9C19-4EF9-AB0B-56D8FCF6662E}.Debug|x64.Build.0 = Debug|Any CPU
		{C126B286-9C19-4EF9-AB0B-56D8FCF6662E}.Debug|x86.ActiveCfg = Debug|Any CPU
		{C126B286-9C19-4EF9-AB0B-56D8FCF6662E}.Debug|x86.Build.0 = Debug|Any CPU
		{C126B286-9C19-4EF9-AB0B-56D8FCF6662E}.Release|Any CPU.ActiveCfg = Release|Any CPU
		{C126B286-9C19-4EF9-AB0B-56D8FCF6662E}.Release|Any CPU.Build.0 = Release|Any CPU
		{C126B286-9C19-4EF9-AB0B-56D8FCF6662E}.Release|x64.ActiveCfg = Release|Any CPU
		{C126B286-9C19-4EF9-AB0B-56D8FCF6662E}.Release|x64.Build.0 = Release|Any CPU
		{C126B286-9C19-4EF9-AB0B-56D8FCF6662E}.Release|x86.ActiveCfg = Release|Any CPU
		{C126B286-9C19-4EF9-AB0B-56D8FCF6662E}.Release|x86.Build.0 = Release|Any CPU
	EndGlobalSection
	GlobalSection(SolutionProperties) = preSolution
		HideSolutionNode = FALSE
	EndGlobalSection
	GlobalSection(NestedProjects) = preSolution
		{0F549A80-B576-4C1F-B06D-62BDA8C33899} = {827E0CD3-B72D-47B6-A68D-7590B98EB39B}
		{C9BE6741-436B-4179-9514-39F50BC96065} = {827E0CD3-B72D-47B6-A68D-7590B98EB39B}
		{B8616A66-AA11-407D-814D-FE338EBE1FB8} = {827E0CD3-B72D-47B6-A68D-7590B98EB39B}
		{CA89C538-72E1-4D8E-B250-FAE66AD296EC} = {827E0CD3-B72D-47B6-A68D-7590B98EB39B}
		{70EF2A9C-E7A0-46C9-B068-C13DC550CFEE} = {827E0CD3-B72D-47B6-A68D-7590B98EB39B}
		{C126B286-9C19-4EF9-AB0B-56D8FCF6662E} = {07C2787E-EAC7-C090-1BA3-A61EC2A24D84}
	EndGlobalSection
EndGlobal
